
Microsoft Visual Studio Solution File, Format Version 12.00
# Visual Studio Version 17
VisualStudioVersion = 17.3.32922.545
MinimumVisualStudioVersion = 10.0.40219.1
Project("{FAE04EC0-301F-11D3-BF4B-00C04F79EFBC}") = "Single_Page_Application", "Single_Page_Application\Single_Page_Application.csproj", "{E2D8D2C6-040C-4BC9-ACB9-ED5D6284C6BC}"
EndProject
Global
	GlobalSection(SolutionConfigurationPlatforms) = preSolution
		Debug|Any CPU = Debug|Any CPU
		Release|Any CPU = Release|Any CPU
	EndGlobalSection
	GlobalSection(ProjectConfigurationPlatforms) = postSolution
		{E2D8D2C6-040C-4BC9-ACB9-ED5D6284C6BC}.Debug|Any CPU.ActiveCfg = Debug|Any CPU
		{E2D8D2C6-040C-4BC9-ACB9-ED5D6284C6BC}.Debug|Any CPU.Build.0 = Debug|Any CPU
		{E2D8D2C6-040C-4BC9-ACB9-ED5D6284C6BC}.Release|Any CPU.ActiveCfg = Release|Any CPU
		{E2D8D2C6-040C-4BC9-ACB9-ED5D6284C6BC}.Release|Any CPU.Build.0 = Release|Any CPU
	EndGlobalSection
	GlobalSection(SolutionProperties) = preSolution
		HideSolutionNode = FALSE
	EndGlobalSection
	GlobalSection(ExtensibilityGlobals) = postSolution
		SolutionGuid = {CCC6B5D9-047C-4EE1-B315-754F8274ED97}
	EndGlobalSection
EndGlobal
